<?xml version="1.0" encoding="UTF-8"?>
<CONFIG>
  <ProjectOptions>
    <Version Value="11"/>
    <PathDelim Value="\"/>
    <General>
      <SessionStorage Value="InProjectDir"/>
      <MainUnit Value="0"/>
      <Title Value="SuppliesInventory"/>
      <Scaled Value="True"/>
      <ResourceType Value="res"/>
      <UseXPManifest Value="True"/>
      <XPManifest>
        <DpiAware Value="True"/>
      </XPManifest>
      <Icon Value="0"/>
    </General>
    <BuildModes Count="1">
      <Item1 Name="Default" Default="True"/>
    </BuildModes>
    <PublishOptions>
      <Version Value="2"/>
      <UseFileFilters Value="True"/>
    </PublishOptions>
    <RunParams>
      <FormatVersion Value="2"/>
      <Modes Count="0"/>
    </RunParams>
    <RequiredPackages Count="6">
      <Item1>
        <PackageName Value="laz_fpspreadsheet_visual"/>
      </Item1>
      <Item2>
        <PackageName Value="TDI"/>
      </Item2>
      <Item3>
        <PackageName Value="virtualtreeview_package"/>
      </Item3>
      <Item4>
        <PackageName Value="pascalscript"/>
      </Item4>
      <Item5>
        <PackageName Value="FCL"/>
      </Item5>
      <Item6>
        <PackageName Value="LCL"/>
      </Item6>
    </RequiredPackages>
    <Units Count="25">
      <Unit0>
        <Filename Value="SuppliesInventory.pas"/>
        <IsPartOfProject Value="True"/>
      </Unit0>
      <Unit1>
        <Filename Value="mainform.pas"/>
        <IsPartOfProject Value="True"/>
        <ComponentName Value="fmMain"/>
        <HasResources Value="True"/>
        <ResourceBaseClass Value="Form"/>
      </Unit1>
      <Unit2>
        <Filename Value="appconnectionu.pas"/>
        <IsPartOfProject Value="True"/>
        <UnitName Value="appConnectionU"/>
      </Unit2>
      <Unit3>
        <Filename Value="maindm.pas"/>
        <IsPartOfProject Value="True"/>
        <ComponentName Value="dmMain"/>
        <HasResources Value="True"/>
        <ResourceBaseClass Value="DataModule"/>
        <UnitName Value="mainDM"/>
      </Unit3>
      <Unit4>
        <Filename Value="myutils.pas"/>
        <IsPartOfProject Value="True"/>
        <UnitName Value="myUtils"/>
      </Unit4>
      <Unit5>
        <Filename Value="changedatabaseform.pas"/>
        <IsPartOfProject Value="True"/>
        <ComponentName Value="frmChangeDatabase"/>
        <HasResources Value="True"/>
        <ResourceBaseClass Value="Form"/>
      </Unit5>
      <Unit6>
        <Filename Value="appuseru.pas"/>
        <IsPartOfProject Value="True"/>
        <UnitName Value="appUserU"/>
      </Unit6>
      <Unit7>
        <Filename Value="userloginform.pas"/>
        <IsPartOfProject Value="True"/>
        <ComponentName Value="frmUserLogin"/>
        <HasResources Value="True"/>
        <ResourceBaseClass Value="Form"/>
        <UnitName Value="UserLoginForm"/>
      </Unit7>
      <Unit8>
        <Filename Value="hilogeneratoru.pas"/>
        <IsPartOfProject Value="True"/>
        <UnitName Value="hilogeneratorU"/>
      </Unit8>
      <Unit9>
        <Filename Value="usermanagerform.pas"/>
        <IsPartOfProject Value="True"/>
        <ComponentName Value="frmUserManager"/>
        <HasResources Value="True"/>
        <ResourceBaseClass Value="Form"/>
        <UnitName Value="UserManagerForm"/>
      </Unit9>
      <Unit10>
        <Filename Value="usermanageru.pas"/>
        <IsPartOfProject Value="True"/>
        <UnitName Value="UserManagerU"/>
      </Unit10>
      <Unit11>
        <Filename Value="user_bom.pas"/>
        <IsPartOfProject Value="True"/>
        <UnitName Value="user_BOM"/>
      </Unit11>
      <Unit12>
        <Filename Value="roleeditform.pas"/>
        <IsPartOfProject Value="True"/>
        <ComponentName Value="frmRole"/>
        <HasResources Value="True"/>
        <ResourceBaseClass Value="Form"/>
        <UnitName Value="RoleEditForm"/>
      </Unit12>
      <Unit13>
        <Filename Value="base_bom.pas"/>
        <IsPartOfProject Value="True"/>
        <UnitName Value="base_BOM"/>
      </Unit13>
      <Unit14>
        <Filename Value="userchangepassform.pas"/>
        <IsPartOfProject Value="True"/>
        <ComponentName Value="frmUserChangePass"/>
        <HasResources Value="True"/>
        <ResourceBaseClass Value="Form"/>
        <UnitName Value="UserChangePassForm"/>
      </Unit14>
      <Unit15>
        <Filename Value="issuanceform.pas"/>
        <IsPartOfProject Value="True"/>
        <ComponentName Value="frmIssuance"/>
        <HasResources Value="True"/>
        <ResourceBaseClass Value="Form"/>
        <UnitName Value="IssuanceForm"/>
      </Unit15>
      <Unit16>
        <Filename Value="receiptsform.pas"/>
        <IsPartOfProject Value="True"/>
        <ComponentName Value="frmReceipts"/>
        <HasResources Value="True"/>
        <ResourceBaseClass Value="Form"/>
        <UnitName Value="ReceiptsForm"/>
      </Unit16>
      <Unit17>
        <Filename Value="manageinventoryform.pas"/>
        <IsPartOfProject Value="True"/>
        <ComponentName Value="frmManageInventory"/>
        <HasResources Value="True"/>
        <ResourceBaseClass Value="Form"/>
        <UnitName Value="ManageInventoryForm"/>
      </Unit17>
      <Unit18>
        <Filename Value="inventorydm.pas"/>
        <IsPartOfProject Value="True"/>
        <ComponentName Value="dmInventory"/>
        <HasResources Value="True"/>
        <ResourceBaseClass Value="DataModule"/>
        <UnitName Value="inventoryDM"/>
      </Unit18>
      <Unit19>
        <Filename Value="productcategoryform.pas"/>
        <IsPartOfProject Value="True"/>
        <ComponentName Value="frmProductCategory"/>
        <HasResources Value="True"/>
        <ResourceBaseClass Value="Form"/>
        <UnitName Value="ProductCategoryForm"/>
      </Unit19>
      <Unit20>
        <Filename Value="dataset_helper.pas"/>
        <IsPartOfProject Value="True"/>
      </Unit20>
      <Unit21>
        <Filename Value="bookmarklist_helper.pas"/>
        <IsPartOfProject Value="True"/>
        <UnitName Value="BookmarkList_helper"/>
      </Unit21>
      <Unit22>
        <Filename Value="importform.pas"/>
        <IsPartOfProject Value="True"/>
        <ComponentName Value="frmImport"/>
        <HasResources Value="True"/>
        <ResourceBaseClass Value="Form"/>
        <UnitName Value="importForm"/>
      </Unit22>
      <Unit23>
        <Filename Value="sqlwhereclause.pas"/>
        <IsPartOfProject Value="True"/>
        <UnitName Value="SQLWhereClause"/>
      </Unit23>
      <Unit24>
        <Filename Value="exportform.pas"/>
        <IsPartOfProject Value="True"/>
        <ComponentName Value="frmExport"/>
        <ResourceBaseClass Value="Form"/>
        <UnitName Value="exportForm"/>
      </Unit24>
    </Units>
  </ProjectOptions>
  <CompilerOptions>
    <Version Value="11"/>
    <PathDelim Value="\"/>
    <Target>
      <Filename Value="SuppliesInventory"/>
    </Target>
    <SearchPaths>
      <IncludeFiles Value="$(ProjOutDir)"/>
      <UnitOutputDirectory Value="lib\$(TargetCPU)-$(TargetOS)"/>
    </SearchPaths>
    <Linking>
      <Debugging>
        <UseHeaptrc Value="True"/>
      </Debugging>
    </Linking>
  </CompilerOptions>
  <Debugging>
    <Exceptions Count="3">
      <Item1>
        <Name Value="EAbort"/>
      </Item1>
      <Item2>
        <Name Value="ECodetoolError"/>
      </Item2>
      <Item3>
        <Name Value="EFOpenError"/>
      </Item3>
    </Exceptions>
  </Debugging>
</CONFIG>
